// !$*UTF8*$!
{
	archiveVersion = 1;
	classes = {
	};
	objectVersion = 46;
	objects = {

/* Begin PBXBuildFile section */
		CD048E301610AEBF0012A556 /* MyAppDelegate.m in Sources */ = {isa = PBXBuildFile; fileRef = CD048E2F1610AEBF0012A556 /* MyAppDelegate.m */; };
		CD048E3A1610DF1A0012A556 /* bgn.gif in Resources */ = {isa = PBXBuildFile; fileRef = CD048E391610DF1A0012A556 /* bgn.gif */; };
		CD048E3D1610E05B0012A556 /* czk.gif in Resources */ = {isa = PBXBuildFile; fileRef = CD048E3B1610E05A0012A556 /* czk.gif */; };
		CD0F61DA15B7A9A6008E3E2B /* UIKit.framework in Frameworks */ = {isa = PBXBuildFile; fileRef = CD0F61D915B7A9A6008E3E2B /* UIKit.framework */; };
		CD0F61DC15B7A9A6008E3E2B /* Foundation.framework in Frameworks */ = {isa = PBXBuildFile; fileRef = CD0F61DB15B7A9A6008E3E2B /* Foundation.framework */; };
		CD0F61DE15B7A9A6008E3E2B /* CoreGraphics.framework in Frameworks */ = {isa = PBXBuildFile; fileRef = CD0F61DD15B7A9A6008E3E2B /* CoreGraphics.framework */; };
		CD0F61E415B7A9A6008E3E2B /* InfoPlist.strings in Resources */ = {isa = PBXBuildFile; fileRef = CD0F61E215B7A9A6008E3E2B /* InfoPlist.strings */; };
		CD0F61E615B7A9A6008E3E2B /* main.m in Sources */ = {isa = PBXBuildFile; fileRef = CD0F61E515B7A9A6008E3E2B /* main.m */; };
		CD0F61EA15B7A9A6008E3E2B /* PCAppDelegate.m in Sources */ = {isa = PBXBuildFile; fileRef = CD0F61E915B7A9A6008E3E2B /* PCAppDelegate.m */; };
		CD0F61ED15B7A9A6008E3E2B /* MainStoryboard.storyboard in Resources */ = {isa = PBXBuildFile; fileRef = CD0F61EB15B7A9A6008E3E2B /* MainStoryboard.storyboard */; };
		CD0F61F815B7A9A7008E3E2B /* SenTestingKit.framework in Frameworks */ = {isa = PBXBuildFile; fileRef = CD0F61F715B7A9A7008E3E2B /* SenTestingKit.framework */; };
		CD0F61F915B7A9A7008E3E2B /* UIKit.framework in Frameworks */ = {isa = PBXBuildFile; fileRef = CD0F61D915B7A9A6008E3E2B /* UIKit.framework */; };
		CD0F61FA15B7A9A7008E3E2B /* Foundation.framework in Frameworks */ = {isa = PBXBuildFile; fileRef = CD0F61DB15B7A9A6008E3E2B /* Foundation.framework */; };
		CD0F620215B7A9A7008E3E2B /* InfoPlist.strings in Resources */ = {isa = PBXBuildFile; fileRef = CD0F620015B7A9A7008E3E2B /* InfoPlist.strings */; };
		CD0F620515B7A9A7008E3E2B /* HelloWorldTests.m in Sources */ = {isa = PBXBuildFile; fileRef = CD0F620415B7A9A7008E3E2B /* HelloWorldTests.m */; };
		CD0F621015B7B08E008E3E2B /* SecondViewController.m in Sources */ = {isa = PBXBuildFile; fileRef = CD0F620F15B7B08E008E3E2B /* SecondViewController.m */; };
		CD0F621115B7B08E008E3E2B /* SecondViewController.m in Sources */ = {isa = PBXBuildFile; fileRef = CD0F620F15B7B08E008E3E2B /* SecondViewController.m */; };
		CD74FE8F15BC650300DB9B6D /* hkd.gif in Resources */ = {isa = PBXBuildFile; fileRef = CD74FE8E15BC650300DB9B6D /* hkd.gif */; };
		CD785BBE15B99D9900416CAF /* PCViewController.m in Sources */ = {isa = PBXBuildFile; fileRef = CD785BBD15B99D9900416CAF /* PCViewController.m */; };
		CD785BC115B99E5300416CAF /* ThirdViewController.m in Sources */ = {isa = PBXBuildFile; fileRef = CD785BC015B99E5300416CAF /* ThirdViewController.m */; };
		CD7AC56E15EA83AF00822459 /* usd.gif in Resources */ = {isa = PBXBuildFile; fileRef = CD7AC56D15EA83AF00822459 /* usd.gif */; };
		CD86C0B216122360007E3CDE /* gbp.gif in Resources */ = {isa = PBXBuildFile; fileRef = CD86C0B116122360007E3CDE /* gbp.gif */; };
		CD86C0B516122914007E3CDE /* huf.gif in Resources */ = {isa = PBXBuildFile; fileRef = CD86C0B316122914007E3CDE /* huf.gif */; };
		CD86C0B616122914007E3CDE /* krw.gif in Resources */ = {isa = PBXBuildFile; fileRef = CD86C0B416122914007E3CDE /* krw.gif */; };
		CD86C0B81612291F007E3CDE /* thb.gif in Resources */ = {isa = PBXBuildFile; fileRef = CD86C0B71612291F007E3CDE /* thb.gif */; };
		CD86C0BA16122BF2007E3CDE /* dkk.gif in Resources */ = {isa = PBXBuildFile; fileRef = CD86C0B916122BF2007E3CDE /* dkk.gif */; };
		CD86C0BC16122C18007E3CDE /* cny.gif in Resources */ = {isa = PBXBuildFile; fileRef = CD86C0BB16122C18007E3CDE /* cny.gif */; };
		CD86C0BE16122C20007E3CDE /* jpy.gif in Resources */ = {isa = PBXBuildFile; fileRef = CD86C0BD16122C20007E3CDE /* jpy.gif */; };
		CDCD2836160B4E2900CE9597 /* PCCurrencyTableViewController.m in Sources */ = {isa = PBXBuildFile; fileRef = CDCD2835160B4E2900CE9597 /* PCCurrencyTableViewController.m */; };
		CDDCE4DD1607518A0067D9A3 /* PCCurrency.m in Sources */ = {isa = PBXBuildFile; fileRef = CDDCE4DC1607518A0067D9A3 /* PCCurrency.m */; };
		CDDCE4E6160760CA0067D9A3 /* PCXMLParser.m in Sources */ = {isa = PBXBuildFile; fileRef = CDDCE4E5160760CA0067D9A3 /* PCXMLParser.m */; };
/* End PBXBuildFile section */

/* Begin PBXContainerItemProxy section */
		CD0F61FB15B7A9A7008E3E2B /* PBXContainerItemProxy */ = {
			isa = PBXContainerItemProxy;
			containerPortal = CD0F61CC15B7A9A6008E3E2B /* Project object */;
			proxyType = 1;
			remoteGlobalIDString = CD0F61D415B7A9A6008E3E2B;
			remoteInfo = HelloWorld;
		};
/* End PBXContainerItemProxy section */

/* Begin PBXFileReference section */
		CD048E2E1610AEBF0012A556 /* MyAppDelegate.h */ = {isa = PBXFileReference; fileEncoding = 4; lastKnownFileType = sourcecode.c.h; path = MyAppDelegate.h; sourceTree = "<group>"; };
		CD048E2F1610AEBF0012A556 /* MyAppDelegate.m */ = {isa = PBXFileReference; fileEncoding = 4; lastKnownFileType = sourcecode.c.objc; path = MyAppDelegate.m; sourceTree = "<group>"; };
		CD048E391610DF1A0012A556 /* bgn.gif */ = {isa = PBXFileReference; lastKnownFileType = image.gif; path = bgn.gif; sourceTree = "<group>"; };
		CD048E3B1610E05A0012A556 /* czk.gif */ = {isa = PBXFileReference; lastKnownFileType = image.gif; path = czk.gif; sourceTree = "<group>"; };
		CD0F61D515B7A9A6008E3E2B /* HelloWorld.app */ = {isa = PBXFileReference; explicitFileType = wrapper.application; includeInIndex = 0; path = HelloWorld.app; sourceTree = BUILT_PRODUCTS_DIR; };
		CD0F61D915B7A9A6008E3E2B /* UIKit.framework */ = {isa = PBXFileReference; lastKnownFileType = wrapper.framework; name = UIKit.framework; path = System/Library/Frameworks/UIKit.framework; sourceTree = SDKROOT; };
		CD0F61DB15B7A9A6008E3E2B /* Foundation.framework */ = {isa = PBXFileReference; lastKnownFileType = wrapper.framework; name = Foundation.framework; path = System/Library/Frameworks/Foundation.framework; sourceTree = SDKROOT; };
		CD0F61DD15B7A9A6008E3E2B /* CoreGraphics.framework */ = {isa = PBXFileReference; lastKnownFileType = wrapper.framework; name = CoreGraphics.framework; path = System/Library/Frameworks/CoreGraphics.framework; sourceTree = SDKROOT; };
		CD0F61E115B7A9A6008E3E2B /* HelloWorld-Info.plist */ = {isa = PBXFileReference; lastKnownFileType = text.plist.xml; path = "HelloWorld-Info.plist"; sourceTree = "<group>"; };
		CD0F61E315B7A9A6008E3E2B /* en */ = {isa = PBXFileReference; lastKnownFileType = text.plist.strings; name = en; path = en.lproj/InfoPlist.strings; sourceTree = "<group>"; };
		CD0F61E515B7A9A6008E3E2B /* main.m */ = {isa = PBXFileReference; lastKnownFileType = sourcecode.c.objc; path = main.m; sourceTree = "<group>"; };
		CD0F61E715B7A9A6008E3E2B /* HelloWorld-Prefix.pch */ = {isa = PBXFileReference; lastKnownFileType = sourcecode.c.h; path = "HelloWorld-Prefix.pch"; sourceTree = "<group>"; };
		CD0F61E815B7A9A6008E3E2B /* PCAppDelegate.h */ = {isa = PBXFileReference; lastKnownFileType = sourcecode.c.h; path = PCAppDelegate.h; sourceTree = "<group>"; };
		CD0F61E915B7A9A6008E3E2B /* PCAppDelegate.m */ = {isa = PBXFileReference; lastKnownFileType = sourcecode.c.objc; path = PCAppDelegate.m; sourceTree = "<group>"; };
		CD0F61EC15B7A9A6008E3E2B /* en */ = {isa = PBXFileReference; lastKnownFileType = file.storyboard; name = en; path = en.lproj/MainStoryboard.storyboard; sourceTree = "<group>"; };
		CD0F61F615B7A9A7008E3E2B /* HelloWorldTests.octest */ = {isa = PBXFileReference; explicitFileType = wrapper.cfbundle; includeInIndex = 0; path = HelloWorldTests.octest; sourceTree = BUILT_PRODUCTS_DIR; };
		CD0F61F715B7A9A7008E3E2B /* SenTestingKit.framework */ = {isa = PBXFileReference; lastKnownFileType = wrapper.framework; name = SenTestingKit.framework; path = Library/Frameworks/SenTestingKit.framework; sourceTree = DEVELOPER_DIR; };
		CD0F61FF15B7A9A7008E3E2B /* HelloWorldTests-Info.plist */ = {isa = PBXFileReference; lastKnownFileType = text.plist.xml; path = "HelloWorldTests-Info.plist"; sourceTree = "<group>"; };
		CD0F620115B7A9A7008E3E2B /* en */ = {isa = PBXFileReference; lastKnownFileType = text.plist.strings; name = en; path = en.lproj/InfoPlist.strings; sourceTree = "<group>"; };
		CD0F620315B7A9A7008E3E2B /* HelloWorldTests.h */ = {isa = PBXFileReference; lastKnownFileType = sourcecode.c.h; path = HelloWorldTests.h; sourceTree = "<group>"; };
		CD0F620415B7A9A7008E3E2B /* HelloWorldTests.m */ = {isa = PBXFileReference; lastKnownFileType = sourcecode.c.objc; path = HelloWorldTests.m; sourceTree = "<group>"; };
		CD0F620E15B7B08E008E3E2B /* SecondViewController.h */ = {isa = PBXFileReference; fileEncoding = 4; lastKnownFileType = sourcecode.c.h; path = SecondViewController.h; sourceTree = SOURCE_ROOT; };
		CD0F620F15B7B08E008E3E2B /* SecondViewController.m */ = {isa = PBXFileReference; fileEncoding = 4; lastKnownFileType = sourcecode.c.objc; path = SecondViewController.m; sourceTree = SOURCE_ROOT; };
		CD74FE8E15BC650300DB9B6D /* hkd.gif */ = {isa = PBXFileReference; lastKnownFileType = image.gif; path = hkd.gif; sourceTree = "<group>"; };
		CD785BBC15B99D9900416CAF /* PCViewController.h */ = {isa = PBXFileReference; fileEncoding = 4; lastKnownFileType = sourcecode.c.h; path = PCViewController.h; sourceTree = "<group>"; };
		CD785BBD15B99D9900416CAF /* PCViewController.m */ = {isa = PBXFileReference; fileEncoding = 4; lastKnownFileType = sourcecode.c.objc; path = PCViewController.m; sourceTree = "<group>"; };
		CD785BBF15B99E5300416CAF /* ThirdViewController.h */ = {isa = PBXFileReference; fileEncoding = 4; lastKnownFileType = sourcecode.c.h; path = ThirdViewController.h; sourceTree = "<group>"; };
		CD785BC015B99E5300416CAF /* ThirdViewController.m */ = {isa = PBXFileReference; fileEncoding = 4; lastKnownFileType = sourcecode.c.objc; path = ThirdViewController.m; sourceTree = "<group>"; };
		CD7AC56D15EA83AF00822459 /* usd.gif */ = {isa = PBXFileReference; lastKnownFileType = image.gif; path = usd.gif; sourceTree = "<group>"; };
		CD86C0B116122360007E3CDE /* gbp.gif */ = {isa = PBXFileReference; lastKnownFileType = image.gif; path = gbp.gif; sourceTree = "<group>"; };
		CD86C0B316122914007E3CDE /* huf.gif */ = {isa = PBXFileReference; lastKnownFileType = image.gif; path = huf.gif; sourceTree = "<group>"; };
		CD86C0B416122914007E3CDE /* krw.gif */ = {isa = PBXFileReference; lastKnownFileType = image.gif; path = krw.gif; sourceTree = "<group>"; };
		CD86C0B71612291F007E3CDE /* thb.gif */ = {isa = PBXFileReference; lastKnownFileType = image.gif; path = thb.gif; sourceTree = "<group>"; };
		CD86C0B916122BF2007E3CDE /* dkk.gif */ = {isa = PBXFileReference; lastKnownFileType = image.gif; path = dkk.gif; sourceTree = "<group>"; };
		CD86C0BB16122C18007E3CDE /* cny.gif */ = {isa = PBXFileReference; lastKnownFileType = image.gif; path = cny.gif; sourceTree = "<group>"; };
		CD86C0BD16122C20007E3CDE /* jpy.gif */ = {isa = PBXFileReference; lastKnownFileType = image.gif; path = jpy.gif; sourceTree = "<group>"; };
		CDCD2834160B4E2900CE9597 /* PCCurrencyTableViewController.h */ = {isa = PBXFileReference; fileEncoding = 4; lastKnownFileType = sourcecode.c.h; path = PCCurrencyTableViewController.h; sourceTree = "<group>"; };
		CDCD2835160B4E2900CE9597 /* PCCurrencyTableViewController.m */ = {isa = PBXFileReference; fileEncoding = 4; lastKnownFileType = sourcecode.c.objc; path = PCCurrencyTableViewController.m; sourceTree = "<group>"; };
		CDDCE4DB1607518A0067D9A3 /* PCCurrency.h */ = {isa = PBXFileReference; fileEncoding = 4; lastKnownFileType = sourcecode.c.h; path = PCCurrency.h; sourceTree = "<group>"; };
		CDDCE4DC1607518A0067D9A3 /* PCCurrency.m */ = {isa = PBXFileReference; fileEncoding = 4; lastKnownFileType = sourcecode.c.objc; path = PCCurrency.m; sourceTree = "<group>"; };
		CDDCE4E4160760CA0067D9A3 /* PCXMLParser.h */ = {isa = PBXFileReference; fileEncoding = 4; lastKnownFileType = sourcecode.c.h; path = PCXMLParser.h; sourceTree = "<group>"; };
		CDDCE4E5160760CA0067D9A3 /* PCXMLParser.m */ = {isa = PBXFileReference; fileEncoding = 4; lastKnownFileType = sourcecode.c.objc; path = PCXMLParser.m; sourceTree = "<group>"; };
/* End PBXFileReference section */

/* Begin PBXFrameworksBuildPhase section */
		CD0F61D215B7A9A6008E3E2B /* Frameworks */ = {
			isa = PBXFrameworksBuildPhase;
			buildActionMask = 2147483647;
			files = (
				CD0F61DA15B7A9A6008E3E2B /* UIKit.framework in Frameworks */,
				CD0F61DC15B7A9A6008E3E2B /* Foundation.framework in Frameworks */,
				CD0F61DE15B7A9A6008E3E2B /* CoreGraphics.framework in Frameworks */,
			);
			runOnlyForDeploymentPostprocessing = 0;
		};
		CD0F61F215B7A9A7008E3E2B /* Frameworks */ = {
			isa = PBXFrameworksBuildPhase;
			buildActionMask = 2147483647;
			files = (
				CD0F61F815B7A9A7008E3E2B /* SenTestingKit.framework in Frameworks */,
				CD0F61F915B7A9A7008E3E2B /* UIKit.framework in Frameworks */,
				CD0F61FA15B7A9A7008E3E2B /* Foundation.framework in Frameworks */,
			);
			runOnlyForDeploymentPostprocessing = 0;
		};
/* End PBXFrameworksBuildPhase section */

/* Begin PBXGroup section */
		CD0F61CA15B7A9A6008E3E2B = {
			isa = PBXGroup;
			children = (
				CD0F61DF15B7A9A6008E3E2B /* HelloWorld */,
				CD0F61FD15B7A9A7008E3E2B /* HelloWorldTests */,
				CD0F61D815B7A9A6008E3E2B /* Frameworks */,
				CD0F61D615B7A9A6008E3E2B /* Products */,
			);
			sourceTree = "<group>";
		};
		CD0F61D615B7A9A6008E3E2B /* Products */ = {
			isa = PBXGroup;
			children = (
				CD0F61D515B7A9A6008E3E2B /* HelloWorld.app */,
				CD0F61F615B7A9A7008E3E2B /* HelloWorldTests.octest */,
			);
			name = Products;
			sourceTree = "<group>";
		};
		CD0F61D815B7A9A6008E3E2B /* Frameworks */ = {
			isa = PBXGroup;
			children = (
				CD0F61D915B7A9A6008E3E2B /* UIKit.framework */,
				CD0F61DB15B7A9A6008E3E2B /* Foundation.framework */,
				CD0F61DD15B7A9A6008E3E2B /* CoreGraphics.framework */,
				CD0F61F715B7A9A7008E3E2B /* SenTestingKit.framework */,
			);
			name = Frameworks;
			sourceTree = "<group>";
		};
		CD0F61DF15B7A9A6008E3E2B /* HelloWorld */ = {
			isa = PBXGroup;
			children = (
				CD74FE8E15BC650300DB9B6D /* hkd.gif */,
				CD048E391610DF1A0012A556 /* bgn.gif */,
				CD7AC56D15EA83AF00822459 /* usd.gif */,
				CD86C0BB16122C18007E3CDE /* cny.gif */,
				CD86C0B116122360007E3CDE /* gbp.gif */,
				CD86C0BD16122C20007E3CDE /* jpy.gif */,
				CD0F61E815B7A9A6008E3E2B /* PCAppDelegate.h */,
				CD0F61E915B7A9A6008E3E2B /* PCAppDelegate.m */,
				CD0F61EB15B7A9A6008E3E2B /* MainStoryboard.storyboard */,
				CD048E2E1610AEBF0012A556 /* MyAppDelegate.h */,
				CD86C0B316122914007E3CDE /* huf.gif */,
				CD86C0B416122914007E3CDE /* krw.gif */,
				CD048E2F1610AEBF0012A556 /* MyAppDelegate.m */,
				CD048E3B1610E05A0012A556 /* czk.gif */,
				CD86C0B916122BF2007E3CDE /* dkk.gif */,
				CDCD2834160B4E2900CE9597 /* PCCurrencyTableViewController.h */,
				CDCD2835160B4E2900CE9597 /* PCCurrencyTableViewController.m */,
				CD86C0B71612291F007E3CDE /* thb.gif */,
				CD785BBF15B99E5300416CAF /* ThirdViewController.h */,
				CD785BC015B99E5300416CAF /* ThirdViewController.m */,
				CD785BBC15B99D9900416CAF /* PCViewController.h */,
				CD785BBD15B99D9900416CAF /* PCViewController.m */,
				CD0F620E15B7B08E008E3E2B /* SecondViewController.h */,
				CD0F620F15B7B08E008E3E2B /* SecondViewController.m */,
				CDDCE4DB1607518A0067D9A3 /* PCCurrency.h */,
				CDDCE4E4160760CA0067D9A3 /* PCXMLParser.h */,
				CDDCE4E5160760CA0067D9A3 /* PCXMLParser.m */,
				CDDCE4DC1607518A0067D9A3 /* PCCurrency.m */,
				CD0F61E015B7A9A6008E3E2B /* Supporting Files */,
			);
			path = HelloWorld;
			sourceTree = "<group>";
		};
		CD0F61E015B7A9A6008E3E2B /* Supporting Files */ = {
			isa = PBXGroup;
			children = (
				CD0F61E115B7A9A6008E3E2B /* HelloWorld-Info.plist */,
				CD0F61E215B7A9A6008E3E2B /* InfoPlist.strings */,
				CD0F61E515B7A9A6008E3E2B /* main.m */,
				CD0F61E715B7A9A6008E3E2B /* HelloWorld-Prefix.pch */,
			);
			name = "Supporting Files";
			sourceTree = "<group>";
		};
		CD0F61FD15B7A9A7008E3E2B /* HelloWorldTests */ = {
			isa = PBXGroup;
			children = (
				CD0F620315B7A9A7008E3E2B /* HelloWorldTests.h */,
				CD0F620415B7A9A7008E3E2B /* HelloWorldTests.m */,
				CD0F61FE15B7A9A7008E3E2B /* Supporting Files */,
			);
			path = HelloWorldTests;
			sourceTree = "<group>";
		};
		CD0F61FE15B7A9A7008E3E2B /* Supporting Files */ = {
			isa = PBXGroup;
			children = (
				CD0F61FF15B7A9A7008E3E2B /* HelloWorldTests-Info.plist */,
				CD0F620015B7A9A7008E3E2B /* InfoPlist.strings */,
			);
			name = "Supporting Files";
			sourceTree = "<group>";
		};
/* End PBXGroup section */

/* Begin PBXNativeTarget section */
		CD0F61D415B7A9A6008E3E2B /* HelloWorld */ = {
			isa = PBXNativeTarget;
			buildConfigurationList = CD0F620815B7A9A7008E3E2B /* Build configuration list for PBXNativeTarget "HelloWorld" */;
			buildPhases = (
				CD0F61D115B7A9A6008E3E2B /* Sources */,
				CD0F61D215B7A9A6008E3E2B /* Frameworks */,
				CD0F61D315B7A9A6008E3E2B /* Resources */,
			);
			buildRules = (
			);
			dependencies = (
			);
			name = HelloWorld;
			productName = HelloWorld;
			productReference = CD0F61D515B7A9A6008E3E2B /* HelloWorld.app */;
			productType = "com.apple.product-type.application";
		};
		CD0F61F515B7A9A7008E3E2B /* HelloWorldTests */ = {
			isa = PBXNativeTarget;
			buildConfigurationList = CD0F620B15B7A9A7008E3E2B /* Build configuration list for PBXNativeTarget "HelloWorldTests" */;
			buildPhases = (
				CD0F61F115B7A9A7008E3E2B /* Sources */,
				CD0F61F215B7A9A7008E3E2B /* Frameworks */,
				CD0F61F315B7A9A7008E3E2B /* Resources */,
				CD0F61F415B7A9A7008E3E2B /* ShellScript */,
			);
			buildRules = (
			);
			dependencies = (
				CD0F61FC15B7A9A7008E3E2B /* PBXTargetDependency */,
			);
			name = HelloWorldTests;
			productName = HelloWorldTests;
			productReference = CD0F61F615B7A9A7008E3E2B /* HelloWorldTests.octest */;
			productType = "com.apple.product-type.bundle";
		};
/* End PBXNativeTarget section */

/* Begin PBXProject section */
		CD0F61CC15B7A9A6008E3E2B /* Project object */ = {
			isa = PBXProject;
			attributes = {
				CLASSPREFIX = PC;
				LastUpgradeCheck = 0430;
			};
			buildConfigurationList = CD0F61CF15B7A9A6008E3E2B /* Build configuration list for PBXProject "HelloWorld" */;
			compatibilityVersion = "Xcode 3.2";
			developmentRegion = English;
			hasScannedForEncodings = 0;
			knownRegions = (
				en,
			);
			mainGroup = CD0F61CA15B7A9A6008E3E2B;
			productRefGroup = CD0F61D615B7A9A6008E3E2B /* Products */;
			projectDirPath = "";
			projectRoot = "";
			targets = (
				CD0F61D415B7A9A6008E3E2B /* HelloWorld */,
				CD0F61F515B7A9A7008E3E2B /* HelloWorldTests */,
			);
		};
/* End PBXProject section */

/* Begin PBXResourcesBuildPhase section */
		CD0F61D315B7A9A6008E3E2B /* Resources */ = {
			isa = PBXResourcesBuildPhase;
			buildActionMask = 2147483647;
			files = (
				CD0F61E415B7A9A6008E3E2B /* InfoPlist.strings in Resources */,
				CD0F61ED15B7A9A6008E3E2B /* MainStoryboard.storyboard in Resources */,
				CD74FE8F15BC650300DB9B6D /* hkd.gif in Resources */,
				CD7AC56E15EA83AF00822459 /* usd.gif in Resources */,
				CD048E3A1610DF1A0012A556 /* bgn.gif in Resources */,
				CD048E3D1610E05B0012A556 /* czk.gif in Resources */,
				CD86C0B216122360007E3CDE /* gbp.gif in Resources */,
				CD86C0B516122914007E3CDE /* huf.gif in Resources */,
				CD86C0B616122914007E3CDE /* krw.gif in Resources */,
				CD86C0B81612291F007E3CDE /* thb.gif in Resources */,
				CD86C0BA16122BF2007E3CDE /* dkk.gif in Resources */,
				CD86C0BC16122C18007E3CDE /* cny.gif in Resources */,
				CD86C0BE16122C20007E3CDE /* jpy.gif in Resources */,
			);
			runOnlyForDeploymentPostprocessing = 0;
		};
		CD0F61F315B7A9A7008E3E2B /* Resources */ = {
			isa = PBXResourcesBuildPhase;
			buildActionMask = 2147483647;
			files = (
				CD0F620215B7A9A7008E3E2B /* InfoPlist.strings in Resources */,
			);
			runOnlyForDeploymentPostprocessing = 0;
		};
/* End PBXResourcesBuildPhase section */

/* Begin PBXShellScriptBuildPhase section */
		CD0F61F415B7A9A7008E3E2B /* ShellScript */ = {
			isa = PBXShellScriptBuildPhase;
			buildActionMask = 2147483647;
			files = (
			);
			inputPaths = (
			);
			outputPaths = (
			);
			runOnlyForDeploymentPostprocessing = 0;
			shellPath = /bin/sh;
			shellScript = "# Run the unit tests in this test bundle.\n\"${SYSTEM_DEVELOPER_DIR}/Tools/RunUnitTests\"\n";
		};
/* End PBXShellScriptBuildPhase section */

/* Begin PBXSourcesBuildPhase section */
		CD0F61D115B7A9A6008E3E2B /* Sources */ = {
			isa = PBXSourcesBuildPhase;
			buildActionMask = 2147483647;
			files = (
				CD0F61E615B7A9A6008E3E2B /* main.m in Sources */,
				CD0F61EA15B7A9A6008E3E2B /* PCAppDelegate.m in Sources */,
				CD0F621015B7B08E008E3E2B /* SecondViewController.m in Sources */,
				CD785BBE15B99D9900416CAF /* PCViewController.m in Sources */,
				CD785BC115B99E5300416CAF /* ThirdViewController.m in Sources */,
				CDDCE4DD1607518A0067D9A3 /* PCCurrency.m in Sources */,
				CDDCE4E6160760CA0067D9A3 /* PCXMLParser.m in Sources */,
				CDCD2836160B4E2900CE9597 /* PCCurrencyTableViewController.m in Sources */,
				CD048E301610AEBF0012A556 /* MyAppDelegate.m in Sources */,
			);
			runOnlyForDeploymentPostprocessing = 0;
		};
		CD0F61F115B7A9A7008E3E2B /* Sources */ = {
			isa = PBXSourcesBuildPhase;
			buildActionMask = 2147483647;
			files = (
				CD0F620515B7A9A7008E3E2B /* HelloWorldTests.m in Sources */,
				CD0F621115B7B08E008E3E2B /* SecondViewController.m in Sources */,
			);
			runOnlyForDeploymentPostprocessing = 0;
		};
/* End PBXSourcesBuildPhase section */

/* Begin PBXTargetDependency section */
		CD0F61FC15B7A9A7008E3E2B /* PBXTargetDependency */ = {
			isa = PBXTargetDependency;
			target = CD0F61D415B7A9A6008E3E2B /* HelloWorld */;
			targetProxy = CD0F61FB15B7A9A7008E3E2B /* PBXContainerItemProxy */;
		};
/* End PBXTargetDependency section */

/* Begin PBXVariantGroup section */
		CD0F61E215B7A9A6008E3E2B /* InfoPlist.strings */ = {
			isa = PBXVariantGroup;
			children = (
				CD0F61E315B7A9A6008E3E2B /* en */,
			);
			name = InfoPlist.strings;
			sourceTree = "<group>";
		};
		CD0F61EB15B7A9A6008E3E2B /* MainStoryboard.storyboard */ = {
			isa = PBXVariantGroup;
			children = (
				CD0F61EC15B7A9A6008E3E2B /* en */,
			);
			name = MainStoryboard.storyboard;
			sourceTree = "<group>";
		};
		CD0F620015B7A9A7008E3E2B /* InfoPlist.strings */ = {
			isa = PBXVariantGroup;
			children = (
				CD0F620115B7A9A7008E3E2B /* en */,
			);
			name = InfoPlist.strings;
			sourceTree = "<group>";
		};
/* End PBXVariantGroup section */

/* Begin XCBuildConfiguration section */
		CD0F620615B7A9A7008E3E2B /* Debug */ = {
			isa = XCBuildConfiguration;
			buildSettings = {
				ALWAYS_SEARCH_USER_PATHS = NO;
				ARCHS = "$(ARCHS_STANDARD_32_BIT)";
				CLANG_ENABLE_OBJC_ARC = NO;
				"CODE_SIGN_IDENTITY[sdk=iphoneos*]" = "iPhone Developer";
				COPY_PHASE_STRIP = NO;
				GCC_C_LANGUAGE_STANDARD = gnu99;
				GCC_DYNAMIC_NO_PIC = NO;
				GCC_OPTIMIZATION_LEVEL = 0;
				GCC_PREPROCESSOR_DEFINITIONS = (
					"DEBUG=1",
					"$(inherited)",
				);
				GCC_SYMBOLS_PRIVATE_EXTERN = NO;
				GCC_VERSION = com.apple.compilers.llvm.clang.1_0;
				GCC_WARN_ABOUT_RETURN_TYPE = YES;
				GCC_WARN_UNINITIALIZED_AUTOS = YES;
				GCC_WARN_UNUSED_VARIABLE = YES;
				IPHONEOS_DEPLOYMENT_TARGET = 5.1;
				SDKROOT = iphoneos;
			};
			name = Debug;
		};
		CD0F620715B7A9A7008E3E2B /* Release */ = {
			isa = XCBuildConfiguration;
			buildSettings = {
				ALWAYS_SEARCH_USER_PATHS = NO;
				ARCHS = "$(ARCHS_STANDARD_32_BIT)";
				CLANG_ENABLE_OBJC_ARC = NO;
				"CODE_SIGN_IDENTITY[sdk=iphoneos*]" = "iPhone Developer";
				COPY_PHASE_STRIP = YES;
				GCC_C_LANGUAGE_STANDARD = gnu99;
				GCC_VERSION = com.apple.compilers.llvm.clang.1_0;
				GCC_WARN_ABOUT_RETURN_TYPE = YES;
				GCC_WARN_UNINITIALIZED_AUTOS = YES;
				GCC_WARN_UNUSED_VARIABLE = YES;
				IPHONEOS_DEPLOYMENT_TARGET = 5.1;
				OTHER_CFLAGS = "-DNS_BLOCK_ASSERTIONS=1";
				SDKROOT = iphoneos;
				VALIDATE_PRODUCT = YES;
			};
			name = Release;
		};
		CD0F620915B7A9A7008E3E2B /* Debug */ = {
			isa = XCBuildConfiguration;
			buildSettings = {
				CLANG_ENABLE_OBJC_ARC = NO;
				GCC_PRECOMPILE_PREFIX_HEADER = YES;
				GCC_PREFIX_HEADER = "HelloWorld/HelloWorld-Prefix.pch";
				INFOPLIST_FILE = "HelloWorld/HelloWorld-Info.plist";
				PRODUCT_NAME = "$(TARGET_NAME)";
				WRAPPER_EXTENSION = app;
			};
			name = Debug;
		};
		CD0F620A15B7A9A7008E3E2B /* Release */ = {
			isa = XCBuildConfiguration;
			buildSettings = {
				CLANG_ENABLE_OBJC_ARC = NO;
				GCC_PRECOMPILE_PREFIX_HEADER = YES;
				GCC_PREFIX_HEADER = "HelloWorld/HelloWorld-Prefix.pch";
				INFOPLIST_FILE = "HelloWorld/HelloWorld-Info.plist";
				PRODUCT_NAME = "$(TARGET_NAME)";
				WRAPPER_EXTENSION = app;
			};
			name = Release;
		};
		CD0F620C15B7A9A7008E3E2B /* Debug */ = {
			isa = XCBuildConfiguration;
			buildSettings = {
				BUNDLE_LOADER = "$(BUILT_PRODUCTS_DIR)/HelloWorld.app/HelloWorld";
				FRAMEWORK_SEARCH_PATHS = (
					"$(SDKROOT)/Developer/Library/Frameworks",
					"$(DEVELOPER_LIBRARY_DIR)/Frameworks",
				);
				GCC_PRECOMPILE_PREFIX_HEADER = YES;
				GCC_PREFIX_HEADER = "HelloWorld/HelloWorld-Prefix.pch";
				INFOPLIST_FILE = "HelloWorldTests/HelloWorldTests-Info.plist";
				PRODUCT_NAME = "$(TARGET_NAME)";
				TEST_HOST = "$(BUNDLE_LOADER)";
				WRAPPER_EXTENSION = octest;
			};
			name = Debug;
		};
		CD0F620D15B7A9A7008E3E2B /* Release */ = {
			isa = XCBuildConfiguration;
			buildSettings = {
				BUNDLE_LOADER = "$(BUILT_PRODUCTS_DIR)/HelloWorld.app/HelloWorld";
				FRAMEWORK_SEARCH_PATHS = (
					"$(SDKROOT)/Developer/Library/Frameworks",
					"$(DEVELOPER_LIBRARY_DIR)/Frameworks",
				);
				GCC_PRECOMPILE_PREFIX_HEADER = YES;
				GCC_PREFIX_HEADER = "HelloWorld/HelloWorld-Prefix.pch";
				INFOPLIST_FILE = "HelloWorldTests/HelloWorldTests-Info.plist";
				PRODUCT_NAME = "$(TARGET_NAME)";
				TEST_HOST = "$(BUNDLE_LOADER)";
				WRAPPER_EXTENSION = octest;
			};
			name = Release;
		};
/* End XCBuildConfiguration section */

/* Begin XCConfigurationList section */
		CD0F61CF15B7A9A6008E3E2B /* Build configuration list for PBXProject "HelloWorld" */ = {
			isa = XCConfigurationList;
			buildConfigurations = (
				CD0F620615B7A9A7008E3E2B /* Debug */,
				CD0F620715B7A9A7008E3E2B /* Release */,
			);
			defaultConfigurationIsVisible = 0;
			defaultConfigurationName = Release;
		};
		CD0F620815B7A9A7008E3E2B /* Build configuration list for PBXNativeTarget "HelloWorld" */ = {
			isa = XCConfigurationList;
			buildConfigurations = (
				CD0F620915B7A9A7008E3E2B /* Debug */,
				CD0F620A15B7A9A7008E3E2B /* Release */,
			);
			defaultConfigurationIsVisible = 0;
			defaultConfigurationName = Release;
		};
		CD0F620B15B7A9A7008E3E2B /* Build configuration list for PBXNativeTarget "HelloWorldTests" */ = {
			isa = XCConfigurationList;
			buildConfigurations = (
				CD0F620C15B7A9A7008E3E2B /* Debug */,
				CD0F620D15B7A9A7008E3E2B /* Release */,
			);
			defaultConfigurationIsVisible = 0;
			defaultConfigurationName = Release;
		};
/* End XCConfigurationList section */
	};
	rootObject = CD0F61CC15B7A9A6008E3E2B /* Project object */;
}
